
Microsoft Visual Studio Solution File, Format Version 12.00
# Visual Studio Version 16
VisualStudioVersion = 16.0.30804.86
MinimumVisualStudioVersion = 10.0.40219.1
Project("{FAE04EC0-301F-11D3-BF4B-00C04F79EFBC}") = "DemoQuiz", "DemoQuiz\DemoQuiz.csproj", "{E39CE7DB-EEA2-4D7A-B716-4197DBBA111A}"
EndProject
Global
	GlobalSection(SolutionConfigurationPlatforms) = preSolution
		Debug|Any CPU = Debug|Any CPU
		Release|Any CPU = Release|Any CPU
	EndGlobalSection
	GlobalSection(ProjectConfigurationPlatforms) = postSolution
		{E39CE7DB-EEA2-4D7A-B716-4197DBBA111A}.Debug|Any CPU.ActiveCfg = Debug|Any CPU
		{E39CE7DB-EEA2-4D7A-B716-4197DBBA111A}.Debug|Any CPU.Build.0 = Debug|Any CPU
		{E39CE7DB-EEA2-4D7A-B716-4197DBBA111A}.Release|Any CPU.ActiveCfg = Release|Any CPU
		{E39CE7DB-EEA2-4D7A-B716-4197DBBA111A}.Release|Any CPU.Build.0 = Release|Any CPU
	EndGlobalSection
	GlobalSection(SolutionProperties) = preSolution
		HideSolutionNode = FALSE
	EndGlobalSection
	GlobalSection(ExtensibilityGlobals) = postSolution
		SolutionGuid = {426E0449-5482-49AB-BB73-62D0FD27DCD1}
	EndGlobalSection
EndGlobal
